
Microsoft Visual Studio Solution File, Format Version 12.00
# Visual Studio Version 17
VisualStudioVersion = 17.6.33829.357
MinimumVisualStudioVersion = 10.0.40219.1
Project("{FAE04EC0-301F-11D3-BF4B-00C04F79EFBC}") = "Task.Android", "Task\Task.Android\Task.Android.csproj", "{4A4388B0-A889-464F-8883-0D540102537A}"
EndProject
Project("{FAE04EC0-301F-11D3-BF4B-00C04F79EFBC}") = "Task", "Task\Task\Task.csproj", "{CD573A81-6C30-44F0-A971-25C260C60FE3}"
EndProject
Global
	GlobalSection(SolutionConfigurationPlatforms) = preSolution
		Debug|Any CPU = Debug|Any CPU
		Release|Any CPU = Release|Any CPU
	EndGlobalSection
	GlobalSection(ProjectConfigurationPlatforms) = postSolution
		{4A4388B0-A889-464F-8883-0D540102537A}.Debug|Any CPU.ActiveCfg = Debug|Any CPU
		{4A4388B0-A889-464F-8883-0D540102537A}.Debug|Any CPU.Build.0 = Debug|Any CPU
		{4A4388B0-A889-464F-8883-0D540102537A}.Debug|Any CPU.Deploy.0 = Debug|Any CPU
		{4A4388B0-A889-464F-8883-0D540102537A}.Release|Any CPU.ActiveCfg = Release|Any CPU
		{4A4388B0-A889-464F-8883-0D540102537A}.Release|Any CPU.Build.0 = Release|Any CPU
		{4A4388B0-A889-464F-8883-0D540102537A}.Release|Any CPU.Deploy.0 = Release|Any CPU
		{CD573A81-6C30-44F0-A971-25C260C60FE3}.Debug|Any CPU.ActiveCfg = Debug|Any CPU
		{CD573A81-6C30-44F0-A971-25C260C60FE3}.Debug|Any CPU.Build.0 = Debug|Any CPU
		{CD573A81-6C30-44F0-A971-25C260C60FE3}.Debug|Any CPU.Deploy.0 = Debug|Any CPU
		{CD573A81-6C30-44F0-A971-25C260C60FE3}.Release|Any CPU.ActiveCfg = Release|Any CPU
		{CD573A81-6C30-44F0-A971-25C260C60FE3}.Release|Any CPU.Build.0 = Release|Any CPU
		{CD573A81-6C30-44F0-A971-25C260C60FE3}.Release|Any CPU.Deploy.0 = Release|Any CPU
	EndGlobalSection
	GlobalSection(SolutionProperties) = preSolution
		HideSolutionNode = FALSE
	EndGlobalSection
	GlobalSection(ExtensibilityGlobals) = postSolution
		SolutionGuid = {E84D8FA2-22B5-4555-A159-BF2314667337}
	EndGlobalSection
EndGlobal
